
Microsoft Visual Studio Solution File, Format Version 12.00
# Visual Studio 2012
Project("{A0786B88-2ADB-4C21-ABE8-AA2D79766269}") = "TodoWebApp", "TodoWebApp.phpproj", "{9246961E-7430-4E18-85D8-B804783220DC}"
EndProject
Global
	GlobalSection(SolutionConfigurationPlatforms) = preSolution
		Debug|Any CPU = Debug|Any CPU
		Release|Any CPU = Release|Any CPU
	EndGlobalSection
	GlobalSection(ProjectConfigurationPlatforms) = postSolution
		{9246961E-7430-4E18-85D8-B804783220DC}.Debug|Any CPU.ActiveCfg = Debug|Any CPU
		{9246961E-7430-4E18-85D8-B804783220DC}.Debug|Any CPU.Build.0 = Debug|Any CPU
		{9246961E-7430-4E18-85D8-B804783220DC}.Release|Any CPU.ActiveCfg = Release|Any CPU
		{9246961E-7430-4E18-85D8-B804783220DC}.Release|Any CPU.Build.0 = Release|Any CPU
	EndGlobalSection
	GlobalSection(SolutionProperties) = preSolution
		HideSolutionNode = FALSE
	EndGlobalSection
EndGlobal
